
Microsoft Visual Studio Solution File, Format Version 12.00
# Visual Studio Version 17
VisualStudioVersion = 17.9.34723.18
MinimumVisualStudioVersion = 10.0.40219.1
Project("{FAE04EC0-301F-11D3-BF4B-00C04F79EFBC}") = "HRM App", "HRM App\HRM App.csproj", "{8AFDCBBA-7F55-43AB-B074-8CE62C769A3F}"
EndProject
Global
	GlobalSection(SolutionConfigurationPlatforms) = preSolution
		Debug|Any CPU = Debug|Any CPU
		Release|Any CPU = Release|Any CPU
	EndGlobalSection
	GlobalSection(ProjectConfigurationPlatforms) = postSolution
		{8AFDCBBA-7F55-43AB-B074-8CE62C769A3F}.Debug|Any CPU.ActiveCfg = Debug|Any CPU
		{8AFDCBBA-7F55-43AB-B074-8CE62C769A3F}.Debug|Any CPU.Build.0 = Debug|Any CPU
		{8AFDCBBA-7F55-43AB-B074-8CE62C769A3F}.Release|Any CPU.ActiveCfg = Release|Any CPU
		{8AFDCBBA-7F55-43AB-B074-8CE62C769A3F}.Release|Any CPU.Build.0 = Release|Any CPU
	EndGlobalSection
	GlobalSection(SolutionProperties) = preSolution
		HideSolutionNode = FALSE
	EndGlobalSection
	GlobalSection(ExtensibilityGlobals) = postSolution
		SolutionGuid = {70DE9B58-863C-4F57-86C6-BF2651C8532B}
	EndGlobalSection
EndGlobal
